
Microsoft Visual Studio Solution File, Format Version 12.00
# Visual Studio 15
VisualStudioVersion = 15.0.28010.2036
MinimumVisualStudioVersion = 10.0.40219.1
Project("{FAE04EC0-301F-11D3-BF4B-00C04F79EFBC}") = "ALG_LES_1", "ALG_LES_1\ALG_LES_1.csproj", "{20E24C84-4372-4042-9B17-CE06FC0E93C5}"
EndProject
Global
	GlobalSection(SolutionConfigurationPlatforms) = preSolution
		Debug|Any CPU = Debug|Any CPU
		Release|Any CPU = Release|Any CPU
	EndGlobalSection
	GlobalSection(ProjectConfigurationPlatforms) = postSolution
		{20E24C84-4372-4042-9B17-CE06FC0E93C5}.Debug|Any CPU.ActiveCfg = Debug|Any CPU
		{20E24C84-4372-4042-9B17-CE06FC0E93C5}.Debug|Any CPU.Build.0 = Debug|Any CPU
		{20E24C84-4372-4042-9B17-CE06FC0E93C5}.Release|Any CPU.ActiveCfg = Release|Any CPU
		{20E24C84-4372-4042-9B17-CE06FC0E93C5}.Release|Any CPU.Build.0 = Release|Any CPU
	EndGlobalSection
	GlobalSection(SolutionProperties) = preSolution
		HideSolutionNode = FALSE
	EndGlobalSection
	GlobalSection(ExtensibilityGlobals) = postSolution
		SolutionGuid = {58720437-05DE-470B-A5B3-517CDB2C9CFD}
	EndGlobalSection
EndGlobal
